// !$*UTF8*$!
{
	archiveVersion = 1;
	classes = {
	};
	objectVersion = 50;
	objects = {

/* Begin PBXBuildFile section */
		051143EF24AA7B750017773E /* Ground.swift in Sources */ = {isa = PBXBuildFile; fileRef = 051143EE24AA7B750017773E /* Ground.swift */; };
		0529267C24B3A8F9000A9098 /* LevelDefinitions.swift in Sources */ = {isa = PBXBuildFile; fileRef = 0529267B24B3A8F9000A9098 /* LevelDefinitions.swift */; };
		0529267E24B3AA7E000A9098 /* Level.swift in Sources */ = {isa = PBXBuildFile; fileRef = 0529267D24B3AA7E000A9098 /* Level.swift */; };
		0531D69F24C7813200E11256 /* shader.fsh in Resources */ = {isa = PBXBuildFile; fileRef = 0531D69E24C7813200E11256 /* shader.fsh */; };
		0547897524B8E96800D64528 /* MainMenuScene.sks in Resources */ = {isa = PBXBuildFile; fileRef = 0547897424B8E96800D64528 /* MainMenuScene.sks */; };
		0547897724B8E9A700D64528 /* MainMenu.swift in Sources */ = {isa = PBXBuildFile; fileRef = 0547897624B8E9A700D64528 /* MainMenu.swift */; };
		0547899924B8F1DE00D64528 /* Button.swift in Sources */ = {isa = PBXBuildFile; fileRef = 0547899824B8F1DE00D64528 /* Button.swift */; };
		054EF82724B6538600241598 /* GameState.swift in Sources */ = {isa = PBXBuildFile; fileRef = 054EF82624B6538600241598 /* GameState.swift */; };
		05B6C76024B7B94C00CF503B /* nice.m4a in Resources */ = {isa = PBXBuildFile; fileRef = 05B6C75F24B7B2E000CF503B /* nice.m4a */; };
		05BE4778249D5A0900DB23EA /* AppDelegate.swift in Sources */ = {isa = PBXBuildFile; fileRef = 05BE4777249D5A0900DB23EA /* AppDelegate.swift */; };
		05BE477A249D5A0900DB23EA /* GameScene.sks in Resources */ = {isa = PBXBuildFile; fileRef = 05BE4779249D5A0900DB23EA /* GameScene.sks */; };
		05BE477C249D5A0900DB23EA /* Actions.sks in Resources */ = {isa = PBXBuildFile; fileRef = 05BE477B249D5A0900DB23EA /* Actions.sks */; };
		05BE477E249D5A0900DB23EA /* GameScene.swift in Sources */ = {isa = PBXBuildFile; fileRef = 05BE477D249D5A0900DB23EA /* GameScene.swift */; };
		05BE4780249D5A0900DB23EA /* GameViewController.swift in Sources */ = {isa = PBXBuildFile; fileRef = 05BE477F249D5A0900DB23EA /* GameViewController.swift */; };
		05BE4783249D5A0900DB23EA /* Main.storyboard in Resources */ = {isa = PBXBuildFile; fileRef = 05BE4781249D5A0900DB23EA /* Main.storyboard */; };
		05BE4785249D5A0B00DB23EA /* Assets.xcassets in Resources */ = {isa = PBXBuildFile; fileRef = 05BE4784249D5A0B00DB23EA /* Assets.xcassets */; };
		05BE4788249D5A0B00DB23EA /* LaunchScreen.storyboard in Resources */ = {isa = PBXBuildFile; fileRef = 05BE4786249D5A0B00DB23EA /* LaunchScreen.storyboard */; };
		05D3A19F24C24C6700BFDFBE /* NodeButton.swift in Sources */ = {isa = PBXBuildFile; fileRef = 05D3A19E24C24C6700BFDFBE /* NodeButton.swift */; };
		05ECA91324B508950070AD02 /* PhasesScene.sks in Resources */ = {isa = PBXBuildFile; fileRef = 05ECA91224B508950070AD02 /* PhasesScene.sks */; };
		05ECA91624B50B9C0070AD02 /* MovementEnum.swift in Sources */ = {isa = PBXBuildFile; fileRef = 05ECA91524B50B9C0070AD02 /* MovementEnum.swift */; };
		05ECA91824B50BE10070AD02 /* CategoryBitMask.swift in Sources */ = {isa = PBXBuildFile; fileRef = 05ECA91724B50BE10070AD02 /* CategoryBitMask.swift */; };
		05ECA91A24B50CF70070AD02 /* SKPhysicsBody+CategoryBitMask.swift in Sources */ = {isa = PBXBuildFile; fileRef = 05ECA91924B50CF70070AD02 /* SKPhysicsBody+CategoryBitMask.swift */; };
		05ECA91C24B50D9D0070AD02 /* Phases.swift in Sources */ = {isa = PBXBuildFile; fileRef = 05ECA91B24B50D9D0070AD02 /* Phases.swift */; };
		05ECA91E24B51EAF0070AD02 /* FinishGoal.swift in Sources */ = {isa = PBXBuildFile; fileRef = 05ECA91D24B51EAF0070AD02 /* FinishGoal.swift */; };
		05F3D90624AD106600C07E06 /* Spike.swift in Sources */ = {isa = PBXBuildFile; fileRef = 05F3D90524AD106600C07E06 /* Spike.swift */; };
		05F3D90C24AD34A800C07E06 /* NoisySpike.swift in Sources */ = {isa = PBXBuildFile; fileRef = 05F3D90B24AD34A800C07E06 /* NoisySpike.swift */; };
		05F3D90E24AD35B200C07E06 /* StealthSpike.swift in Sources */ = {isa = PBXBuildFile; fileRef = 05F3D90D24AD35B200C07E06 /* StealthSpike.swift */; };
		05FAC3B424AE6BE40056E186 /* teste.sks in Resources */ = {isa = PBXBuildFile; fileRef = 05FAC3B324AE6BE40056E186 /* teste.sks */; };
		05FAC3B624AE6C260056E186 /* SceneTeste.sks in Resources */ = {isa = PBXBuildFile; fileRef = 05FAC3B524AE6C260056E186 /* SceneTeste.sks */; };
		05FAC3B824AE71050056E186 /* Teste.swift in Sources */ = {isa = PBXBuildFile; fileRef = 05FAC3B724AE71050056E186 /* Teste.swift */; };
		05FBC88524BCD83D002F02CD /* LevelSelectorViewController.swift in Sources */ = {isa = PBXBuildFile; fileRef = 05FBC88424BCD83D002F02CD /* LevelSelectorViewController.swift */; };
		05FBC88724BCE1D9002F02CD /* CustomCell.swift in Sources */ = {isa = PBXBuildFile; fileRef = 05FBC88624BCE1D9002F02CD /* CustomCell.swift */; };
/* End PBXBuildFile section */

/* Begin PBXFileReference section */
		051143EE24AA7B750017773E /* Ground.swift */ = {isa = PBXFileReference; lastKnownFileType = sourcecode.swift; path = Ground.swift; sourceTree = "<group>"; };
		0529267B24B3A8F9000A9098 /* LevelDefinitions.swift */ = {isa = PBXFileReference; lastKnownFileType = sourcecode.swift; path = LevelDefinitions.swift; sourceTree = "<group>"; };
		0529267D24B3AA7E000A9098 /* Level.swift */ = {isa = PBXFileReference; lastKnownFileType = sourcecode.swift; path = Level.swift; sourceTree = "<group>"; };
		0531D69E24C7813200E11256 /* shader.fsh */ = {isa = PBXFileReference; lastKnownFileType = sourcecode.glsl; path = shader.fsh; sourceTree = "<group>"; };
		0547897424B8E96800D64528 /* MainMenuScene.sks */ = {isa = PBXFileReference; lastKnownFileType = file.sks; path = MainMenuScene.sks; sourceTree = "<group>"; };
		0547897624B8E9A700D64528 /* MainMenu.swift */ = {isa = PBXFileReference; lastKnownFileType = sourcecode.swift; path = MainMenu.swift; sourceTree = "<group>"; };
		0547899824B8F1DE00D64528 /* Button.swift */ = {isa = PBXFileReference; lastKnownFileType = sourcecode.swift; path = Button.swift; sourceTree = "<group>"; };
		054EF82624B6538600241598 /* GameState.swift */ = {isa = PBXFileReference; lastKnownFileType = sourcecode.swift; path = GameState.swift; sourceTree = "<group>"; };
		05B6C75F24B7B2E000CF503B /* nice.m4a */ = {isa = PBXFileReference; lastKnownFileType = file; path = nice.m4a; sourceTree = "<group>"; };
		05BE4774249D5A0900DB23EA /* ILP-SpriteKIT.app */ = {isa = PBXFileReference; explicitFileType = wrapper.application; includeInIndex = 0; path = "ILP-SpriteKIT.app"; sourceTree = BUILT_PRODUCTS_DIR; };
		05BE4777249D5A0900DB23EA /* AppDelegate.swift */ = {isa = PBXFileReference; lastKnownFileType = sourcecode.swift; path = AppDelegate.swift; sourceTree = "<group>"; };
		05BE4779249D5A0900DB23EA /* GameScene.sks */ = {isa = PBXFileReference; lastKnownFileType = file.sks; path = GameScene.sks; sourceTree = "<group>"; };
		05BE477B249D5A0900DB23EA /* Actions.sks */ = {isa = PBXFileReference; lastKnownFileType = file.sks; path = Actions.sks; sourceTree = "<group>"; };
		05BE477D249D5A0900DB23EA /* GameScene.swift */ = {isa = PBXFileReference; lastKnownFileType = sourcecode.swift; path = GameScene.swift; sourceTree = "<group>"; };
		05BE477F249D5A0900DB23EA /* GameViewController.swift */ = {isa = PBXFileReference; lastKnownFileType = sourcecode.swift; path = GameViewController.swift; sourceTree = "<group>"; };
		05BE4782249D5A0900DB23EA /* Base */ = {isa = PBXFileReference; lastKnownFileType = file.storyboard; name = Base; path = Base.lproj/Main.storyboard; sourceTree = "<group>"; };
		05BE4784249D5A0B00DB23EA /* Assets.xcassets */ = {isa = PBXFileReference; lastKnownFileType = folder.assetcatalog; path = Assets.xcassets; sourceTree = "<group>"; };
		05BE4787249D5A0B00DB23EA /* Base */ = {isa = PBXFileReference; lastKnownFileType = file.storyboard; name = Base; path = Base.lproj/LaunchScreen.storyboard; sourceTree = "<group>"; };
		05BE4789249D5A0B00DB23EA /* Info.plist */ = {isa = PBXFileReference; lastKnownFileType = text.plist.xml; path = Info.plist; sourceTree = "<group>"; };
		05D3A19E24C24C6700BFDFBE /* NodeButton.swift */ = {isa = PBXFileReference; lastKnownFileType = sourcecode.swift; path = NodeButton.swift; sourceTree = "<group>"; };
		05ECA91224B508950070AD02 /* PhasesScene.sks */ = {isa = PBXFileReference; lastKnownFileType = file.sks; path = PhasesScene.sks; sourceTree = "<group>"; };
		05ECA91524B50B9C0070AD02 /* MovementEnum.swift */ = {isa = PBXFileReference; lastKnownFileType = sourcecode.swift; path = MovementEnum.swift; sourceTree = "<group>"; };
		05ECA91724B50BE10070AD02 /* CategoryBitMask.swift */ = {isa = PBXFileReference; lastKnownFileType = sourcecode.swift; path = CategoryBitMask.swift; sourceTree = "<group>"; };
		05ECA91924B50CF70070AD02 /* SKPhysicsBody+CategoryBitMask.swift */ = {isa = PBXFileReference; lastKnownFileType = sourcecode.swift; path = "SKPhysicsBody+CategoryBitMask.swift"; sourceTree = "<group>"; };
		05ECA91B24B50D9D0070AD02 /* Phases.swift */ = {isa = PBXFileReference; lastKnownFileType = sourcecode.swift; path = Phases.swift; sourceTree = "<group>"; };
		05ECA91D24B51EAF0070AD02 /* FinishGoal.swift */ = {isa = PBXFileReference; lastKnownFileType = sourcecode.swift; path = FinishGoal.swift; sourceTree = "<group>"; };
		05F3D90524AD106600C07E06 /* Spike.swift */ = {isa = PBXFileReference; lastKnownFileType = sourcecode.swift; path = Spike.swift; sourceTree = "<group>"; };
		05F3D90B24AD34A800C07E06 /* NoisySpike.swift */ = {isa = PBXFileReference; lastKnownFileType = sourcecode.swift; path = NoisySpike.swift; sourceTree = "<group>"; };
		05F3D90D24AD35B200C07E06 /* StealthSpike.swift */ = {isa = PBXFileReference; lastKnownFileType = sourcecode.swift; path = StealthSpike.swift; sourceTree = "<group>"; };
		05FAC3B324AE6BE40056E186 /* teste.sks */ = {isa = PBXFileReference; lastKnownFileType = file.sks; path = teste.sks; sourceTree = "<group>"; };
		05FAC3B524AE6C260056E186 /* SceneTeste.sks */ = {isa = PBXFileReference; lastKnownFileType = file.sks; path = SceneTeste.sks; sourceTree = "<group>"; };
		05FAC3B724AE71050056E186 /* Teste.swift */ = {isa = PBXFileReference; lastKnownFileType = sourcecode.swift; path = Teste.swift; sourceTree = "<group>"; };
		05FBC88424BCD83D002F02CD /* LevelSelectorViewController.swift */ = {isa = PBXFileReference; lastKnownFileType = sourcecode.swift; path = LevelSelectorViewController.swift; sourceTree = "<group>"; };
		05FBC88624BCE1D9002F02CD /* CustomCell.swift */ = {isa = PBXFileReference; lastKnownFileType = sourcecode.swift; path = CustomCell.swift; sourceTree = "<group>"; };
/* End PBXFileReference section */

/* Begin PBXFrameworksBuildPhase section */
		05BE4771249D5A0900DB23EA /* Frameworks */ = {
			isa = PBXFrameworksBuildPhase;
			buildActionMask = 2147483647;
			files = (
			);
			runOnlyForDeploymentPostprocessing = 0;
		};
/* End PBXFrameworksBuildPhase section */

/* Begin PBXGroup section */
		051143ED24AA7B580017773E /* Model */ = {
			isa = PBXGroup;
			children = (
				0529267D24B3AA7E000A9098 /* Level.swift */,
				051143EE24AA7B750017773E /* Ground.swift */,
				05F3D90524AD106600C07E06 /* Spike.swift */,
				05F3D90B24AD34A800C07E06 /* NoisySpike.swift */,
				05F3D90D24AD35B200C07E06 /* StealthSpike.swift */,
				05ECA91D24B51EAF0070AD02 /* FinishGoal.swift */,
				0547899824B8F1DE00D64528 /* Button.swift */,
				05D3A19E24C24C6700BFDFBE /* NodeButton.swift */,
			);
			path = Model;
			sourceTree = "<group>";
		};
		0529267A24B3A8BC000A9098 /* Phases */ = {
			isa = PBXGroup;
			children = (
				0529267B24B3A8F9000A9098 /* LevelDefinitions.swift */,
				05ECA91224B508950070AD02 /* PhasesScene.sks */,
				05ECA91B24B50D9D0070AD02 /* Phases.swift */,
			);
			path = Phases;
			sourceTree = "<group>";
		};
		0531D69D24C780C300E11256 /* testesp */ = {
			isa = PBXGroup;
			children = (
				0531D69E24C7813200E11256 /* shader.fsh */,
			);
			path = testesp;
			sourceTree = "<group>";
		};
		0547897324B8E94C00D64528 /* Menu */ = {
			isa = PBXGroup;
			children = (
				0547897424B8E96800D64528 /* MainMenuScene.sks */,
				0547897624B8E9A700D64528 /* MainMenu.swift */,
			);
			path = Menu;
			sourceTree = "<group>";
		};
		05B6C75E24B7B25400CF503B /* Sound */ = {
			isa = PBXGroup;
			children = (
				05B6C75F24B7B2E000CF503B /* nice.m4a */,
			);
			path = Sound;
			sourceTree = "<group>";
		};
		05BE476B249D5A0900DB23EA = {
			isa = PBXGroup;
			children = (
				05BE4776249D5A0900DB23EA /* ILP-SpriteKIT */,
				05BE4775249D5A0900DB23EA /* Products */,
			);
			sourceTree = "<group>";
		};
		05BE4775249D5A0900DB23EA /* Products */ = {
			isa = PBXGroup;
			children = (
				05BE4774249D5A0900DB23EA /* ILP-SpriteKIT.app */,
			);
			name = Products;
			sourceTree = "<group>";
		};
		05BE4776249D5A0900DB23EA /* ILP-SpriteKIT */ = {
			isa = PBXGroup;
			children = (
				0531D69D24C780C300E11256 /* testesp */,
				05FBC88324BCD807002F02CD /* LevelSelector */,
				0547897324B8E94C00D64528 /* Menu */,
				05B6C75E24B7B25400CF503B /* Sound */,
				05ECA91424B509580070AD02 /* Helper */,
				0529267A24B3A8BC000A9098 /* Phases */,
				051143ED24AA7B580017773E /* Model */,
				05BE4777249D5A0900DB23EA /* AppDelegate.swift */,
				05BE4779249D5A0900DB23EA /* GameScene.sks */,
				05BE477B249D5A0900DB23EA /* Actions.sks */,
				05BE477D249D5A0900DB23EA /* GameScene.swift */,
				05BE477F249D5A0900DB23EA /* GameViewController.swift */,
				05BE4781249D5A0900DB23EA /* Main.storyboard */,
				05BE4784249D5A0B00DB23EA /* Assets.xcassets */,
				05BE4786249D5A0B00DB23EA /* LaunchScreen.storyboard */,
				05BE4789249D5A0B00DB23EA /* Info.plist */,
				05FAC3B324AE6BE40056E186 /* teste.sks */,
				05FAC3B524AE6C260056E186 /* SceneTeste.sks */,
				05FAC3B724AE71050056E186 /* Teste.swift */,
			);
			path = "ILP-SpriteKIT";
			sourceTree = "<group>";
		};
		05ECA91424B509580070AD02 /* Helper */ = {
			isa = PBXGroup;
			children = (
				05ECA91524B50B9C0070AD02 /* MovementEnum.swift */,
				05ECA91724B50BE10070AD02 /* CategoryBitMask.swift */,
				05ECA91924B50CF70070AD02 /* SKPhysicsBody+CategoryBitMask.swift */,
				054EF82624B6538600241598 /* GameState.swift */,
			);
			path = Helper;
			sourceTree = "<group>";
		};
		05FBC88324BCD807002F02CD /* LevelSelector */ = {
			isa = PBXGroup;
			children = (
				05FBC88424BCD83D002F02CD /* LevelSelectorViewController.swift */,
				05FBC88624BCE1D9002F02CD /* CustomCell.swift */,
			);
			path = LevelSelector;
			sourceTree = "<group>";
		};
/* End PBXGroup section */

/* Begin PBXNativeTarget section */
		05BE4773249D5A0900DB23EA /* ILP-SpriteKIT */ = {
			isa = PBXNativeTarget;
			buildConfigurationList = 05BE478C249D5A0B00DB23EA /* Build configuration list for PBXNativeTarget "ILP-SpriteKIT" */;
			buildPhases = (
				05BE4770249D5A0900DB23EA /* Sources */,
				05BE4771249D5A0900DB23EA /* Frameworks */,
				05BE4772249D5A0900DB23EA /* Resources */,
			);
			buildRules = (
			);
			dependencies = (
			);
			name = "ILP-SpriteKIT";
			productName = "ILP-SpriteKIT";
			productReference = 05BE4774249D5A0900DB23EA /* ILP-SpriteKIT.app */;
			productType = "com.apple.product-type.application";
		};
/* End PBXNativeTarget section */

/* Begin PBXProject section */
		05BE476C249D5A0900DB23EA /* Project object */ = {
			isa = PBXProject;
			attributes = {
				LastSwiftUpdateCheck = 1150;
				LastUpgradeCheck = 1150;
				ORGANIZATIONNAME = "Igor Miyamoto";
				TargetAttributes = {
					05BE4773249D5A0900DB23EA = {
						CreatedOnToolsVersion = 11.5;
					};
				};
			};
			buildConfigurationList = 05BE476F249D5A0900DB23EA /* Build configuration list for PBXProject "ILP-SpriteKIT" */;
			compatibilityVersion = "Xcode 9.3";
			developmentRegion = en;
			hasScannedForEncodings = 0;
			knownRegions = (
				en,
				Base,
			);
			mainGroup = 05BE476B249D5A0900DB23EA;
			productRefGroup = 05BE4775249D5A0900DB23EA /* Products */;
			projectDirPath = "";
			projectRoot = "";
			targets = (
				05BE4773249D5A0900DB23EA /* ILP-SpriteKIT */,
			);
		};
/* End PBXProject section */

/* Begin PBXResourcesBuildPhase section */
		05BE4772249D5A0900DB23EA /* Resources */ = {
			isa = PBXResourcesBuildPhase;
			buildActionMask = 2147483647;
			files = (
				05BE4783249D5A0900DB23EA /* Main.storyboard in Resources */,
				05B6C76024B7B94C00CF503B /* nice.m4a in Resources */,
				05BE477A249D5A0900DB23EA /* GameScene.sks in Resources */,
				0547897524B8E96800D64528 /* MainMenuScene.sks in Resources */,
				05BE4785249D5A0B00DB23EA /* Assets.xcassets in Resources */,
				05BE4788249D5A0B00DB23EA /* LaunchScreen.storyboard in Resources */,
				0531D69F24C7813200E11256 /* shader.fsh in Resources */,
				05BE477C249D5A0900DB23EA /* Actions.sks in Resources */,
				05ECA91324B508950070AD02 /* PhasesScene.sks in Resources */,
				05FAC3B424AE6BE40056E186 /* teste.sks in Resources */,
				05FAC3B624AE6C260056E186 /* SceneTeste.sks in Resources */,
			);
			runOnlyForDeploymentPostprocessing = 0;
		};
/* End PBXResourcesBuildPhase section */

/* Begin PBXSourcesBuildPhase section */
		05BE4770249D5A0900DB23EA /* Sources */ = {
			isa = PBXSourcesBuildPhase;
			buildActionMask = 2147483647;
			files = (
				05F3D90C24AD34A800C07E06 /* NoisySpike.swift in Sources */,
				0529267E24B3AA7E000A9098 /* Level.swift in Sources */,
				05FBC88724BCE1D9002F02CD /* CustomCell.swift in Sources */,
				05BE477E249D5A0900DB23EA /* GameScene.swift in Sources */,
				05ECA91C24B50D9D0070AD02 /* Phases.swift in Sources */,
				05D3A19F24C24C6700BFDFBE /* NodeButton.swift in Sources */,
				05ECA91A24B50CF70070AD02 /* SKPhysicsBody+CategoryBitMask.swift in Sources */,
				054EF82724B6538600241598 /* GameState.swift in Sources */,
				05BE4780249D5A0900DB23EA /* GameViewController.swift in Sources */,
				0547899924B8F1DE00D64528 /* Button.swift in Sources */,
				05BE4778249D5A0900DB23EA /* AppDelegate.swift in Sources */,
				05FAC3B824AE71050056E186 /* Teste.swift in Sources */,
				0547897724B8E9A700D64528 /* MainMenu.swift in Sources */,
				05F3D90624AD106600C07E06 /* Spike.swift in Sources */,
				05F3D90E24AD35B200C07E06 /* StealthSpike.swift in Sources */,
				05ECA91624B50B9C0070AD02 /* MovementEnum.swift in Sources */,
				05FBC88524BCD83D002F02CD /* LevelSelectorViewController.swift in Sources */,
				0529267C24B3A8F9000A9098 /* LevelDefinitions.swift in Sources */,
				05ECA91824B50BE10070AD02 /* CategoryBitMask.swift in Sources */,
				051143EF24AA7B750017773E /* Ground.swift in Sources */,
				05ECA91E24B51EAF0070AD02 /* FinishGoal.swift in Sources */,
			);
			runOnlyForDeploymentPostprocessing = 0;
		};
/* End PBXSourcesBuildPhase section */

/* Begin PBXVariantGroup section */
		05BE4781249D5A0900DB23EA /* Main.storyboard */ = {
			isa = PBXVariantGroup;
			children = (
				05BE4782249D5A0900DB23EA /* Base */,
			);
			name = Main.storyboard;
			sourceTree = "<group>";
		};
		05BE4786249D5A0B00DB23EA /* LaunchScreen.storyboard */ = {
			isa = PBXVariantGroup;
			children = (
				05BE4787249D5A0B00DB23EA /* Base */,
			);
			name = LaunchScreen.storyboard;
			sourceTree = "<group>";
		};
/* End PBXVariantGroup section */

/* Begin XCBuildConfiguration section */
		05BE478A249D5A0B00DB23EA /* Debug */ = {
			isa = XCBuildConfiguration;
			buildSettings = {
				ALWAYS_SEARCH_USER_PATHS = NO;
				CLANG_ANALYZER_NONNULL = YES;
				CLANG_ANALYZER_NUMBER_OBJECT_CONVERSION = YES_AGGRESSIVE;
				CLANG_CXX_LANGUAGE_STANDARD = "gnu++14";
				CLANG_CXX_LIBRARY = "libc++";
				CLANG_ENABLE_MODULES = YES;
				CLANG_ENABLE_OBJC_ARC = YES;
				CLANG_ENABLE_OBJC_WEAK = YES;
				CLANG_WARN_BLOCK_CAPTURE_AUTORELEASING = YES;
				CLANG_WARN_BOOL_CONVERSION = YES;
				CLANG_WARN_COMMA = YES;
				CLANG_WARN_CONSTANT_CONVERSION = YES;
				CLANG_WARN_DEPRECATED_OBJC_IMPLEMENTATIONS = YES;
				CLANG_WARN_DIRECT_OBJC_ISA_USAGE = YES_ERROR;
				CLANG_WARN_DOCUMENTATION_COMMENTS = YES;
				CLANG_WARN_EMPTY_BODY = YES;
				CLANG_WARN_ENUM_CONVERSION = YES;
				CLANG_WARN_INFINITE_RECURSION = YES;
				CLANG_WARN_INT_CONVERSION = YES;
				CLANG_WARN_NON_LITERAL_NULL_CONVERSION = YES;
				CLANG_WARN_OBJC_IMPLICIT_RETAIN_SELF = YES;
				CLANG_WARN_OBJC_LITERAL_CONVERSION = YES;
				CLANG_WARN_OBJC_ROOT_CLASS = YES_ERROR;
				CLANG_WARN_RANGE_LOOP_ANALYSIS = YES;
				CLANG_WARN_STRICT_PROTOTYPES = YES;
				CLANG_WARN_SUSPICIOUS_MOVE = YES;
				CLANG_WARN_UNGUARDED_AVAILABILITY = YES_AGGRESSIVE;
				CLANG_WARN_UNREACHABLE_CODE = YES;
				CLANG_WARN__DUPLICATE_METHOD_MATCH = YES;
				COPY_PHASE_STRIP = NO;
				DEBUG_INFORMATION_FORMAT = dwarf;
				ENABLE_STRICT_OBJC_MSGSEND = YES;
				ENABLE_TESTABILITY = YES;
				GCC_C_LANGUAGE_STANDARD = gnu11;
				GCC_DYNAMIC_NO_PIC = NO;
				GCC_NO_COMMON_BLOCKS = YES;
				GCC_OPTIMIZATION_LEVEL = 0;
				GCC_PREPROCESSOR_DEFINITIONS = (
					"DEBUG=1",
					"$(inherited)",
				);
				GCC_WARN_64_TO_32_BIT_CONVERSION = YES;
				GCC_WARN_ABOUT_RETURN_TYPE = YES_ERROR;
				GCC_WARN_UNDECLARED_SELECTOR = YES;
				GCC_WARN_UNINITIALIZED_AUTOS = YES_AGGRESSIVE;
				GCC_WARN_UNUSED_FUNCTION = YES;
				GCC_WARN_UNUSED_VARIABLE = YES;
				IPHONEOS_DEPLOYMENT_TARGET = 13.5;
				MTL_ENABLE_DEBUG_INFO = INCLUDE_SOURCE;
				MTL_FAST_MATH = YES;
				ONLY_ACTIVE_ARCH = YES;
				SDKROOT = iphoneos;
				SWIFT_ACTIVE_COMPILATION_CONDITIONS = DEBUG;
				SWIFT_OPTIMIZATION_LEVEL = "-Onone";
			};
			name = Debug;
		};
		05BE478B249D5A0B00DB23EA /* Release */ = {
			isa = XCBuildConfiguration;
			buildSettings = {
				ALWAYS_SEARCH_USER_PATHS = NO;
				CLANG_ANALYZER_NONNULL = YES;
				CLANG_ANALYZER_NUMBER_OBJECT_CONVERSION = YES_AGGRESSIVE;
				CLANG_CXX_LANGUAGE_STANDARD = "gnu++14";
				CLANG_CXX_LIBRARY = "libc++";
				CLANG_ENABLE_MODULES = YES;
				CLANG_ENABLE_OBJC_ARC = YES;
				CLANG_ENABLE_OBJC_WEAK = YES;
				CLANG_WARN_BLOCK_CAPTURE_AUTORELEASING = YES;
				CLANG_WARN_BOOL_CONVERSION = YES;
				CLANG_WARN_COMMA = YES;
				CLANG_WARN_CONSTANT_CONVERSION = YES;
				CLANG_WARN_DEPRECATED_OBJC_IMPLEMENTATIONS = YES;
				CLANG_WARN_DIRECT_OBJC_ISA_USAGE = YES_ERROR;
				CLANG_WARN_DOCUMENTATION_COMMENTS = YES;
				CLANG_WARN_EMPTY_BODY = YES;
				CLANG_WARN_ENUM_CONVERSION = YES;
				CLANG_WARN_INFINITE_RECURSION = YES;
				CLANG_WARN_INT_CONVERSION = YES;
				CLANG_WARN_NON_LITERAL_NULL_CONVERSION = YES;
				CLANG_WARN_OBJC_IMPLICIT_RETAIN_SELF = YES;
				CLANG_WARN_OBJC_LITERAL_CONVERSION = YES;
				CLANG_WARN_OBJC_ROOT_CLASS = YES_ERROR;
				CLANG_WARN_RANGE_LOOP_ANALYSIS = YES;
				CLANG_WARN_STRICT_PROTOTYPES = YES;
				CLANG_WARN_SUSPICIOUS_MOVE = YES;
				CLANG_WARN_UNGUARDED_AVAILABILITY = YES_AGGRESSIVE;
				CLANG_WARN_UNREACHABLE_CODE = YES;
				CLANG_WARN__DUPLICATE_METHOD_MATCH = YES;
				COPY_PHASE_STRIP = NO;
				DEBUG_INFORMATION_FORMAT = "dwarf-with-dsym";
				ENABLE_NS_ASSERTIONS = NO;
				ENABLE_STRICT_OBJC_MSGSEND = YES;
				GCC_C_LANGUAGE_STANDARD = gnu11;
				GCC_NO_COMMON_BLOCKS = YES;
				GCC_WARN_64_TO_32_BIT_CONVERSION = YES;
				GCC_WARN_ABOUT_RETURN_TYPE = YES_ERROR;
				GCC_WARN_UNDECLARED_SELECTOR = YES;
				GCC_WARN_UNINITIALIZED_AUTOS = YES_AGGRESSIVE;
				GCC_WARN_UNUSED_FUNCTION = YES;
				GCC_WARN_UNUSED_VARIABLE = YES;
				IPHONEOS_DEPLOYMENT_TARGET = 13.5;
				MTL_ENABLE_DEBUG_INFO = NO;
				MTL_FAST_MATH = YES;
				SDKROOT = iphoneos;
				SWIFT_COMPILATION_MODE = wholemodule;
				SWIFT_OPTIMIZATION_LEVEL = "-O";
				VALIDATE_PRODUCT = YES;
			};
			name = Release;
		};
		05BE478D249D5A0B00DB23EA /* Debug */ = {
			isa = XCBuildConfiguration;
			buildSettings = {
				ASSETCATALOG_COMPILER_APPICON_NAME = AppIcon;
				CODE_SIGN_STYLE = Automatic;
				INFOPLIST_FILE = "ILP-SpriteKIT/Info.plist";
				IPHONEOS_DEPLOYMENT_TARGET = 13.5;
				LD_RUNPATH_SEARCH_PATHS = (
					"$(inherited)",
					"@executable_path/Frameworks",
				);
				PRODUCT_BUNDLE_IDENTIFIER = "IgorMiyamoto.ILP-SpriteKIT";
				PRODUCT_NAME = "$(TARGET_NAME)";
				SWIFT_VERSION = 5.0;
				TARGETED_DEVICE_FAMILY = "1,2";
			};
			name = Debug;
		};
		05BE478E249D5A0B00DB23EA /* Release */ = {
			isa = XCBuildConfiguration;
			buildSettings = {
				ASSETCATALOG_COMPILER_APPICON_NAME = AppIcon;
				CODE_SIGN_STYLE = Automatic;
				INFOPLIST_FILE = "ILP-SpriteKIT/Info.plist";
				IPHONEOS_DEPLOYMENT_TARGET = 13.5;
				LD_RUNPATH_SEARCH_PATHS = (
					"$(inherited)",
					"@executable_path/Frameworks",
				);
				PRODUCT_BUNDLE_IDENTIFIER = "IgorMiyamoto.ILP-SpriteKIT";
				PRODUCT_NAME = "$(TARGET_NAME)";
				SWIFT_VERSION = 5.0;
				TARGETED_DEVICE_FAMILY = "1,2";
			};
			name = Release;
		};
/* End XCBuildConfiguration section */

/* Begin XCConfigurationList section */
		05BE476F249D5A0900DB23EA /* Build configuration list for PBXProject "ILP-SpriteKIT" */ = {
			isa = XCConfigurationList;
			buildConfigurations = (
				05BE478A249D5A0B00DB23EA /* Debug */,
				05BE478B249D5A0B00DB23EA /* Release */,
			);
			defaultConfigurationIsVisible = 0;
			defaultConfigurationName = Release;
		};
		05BE478C249D5A0B00DB23EA /* Build configuration list for PBXNativeTarget "ILP-SpriteKIT" */ = {
			isa = XCConfigurationList;
			buildConfigurations = (
				05BE478D249D5A0B00DB23EA /* Debug */,
				05BE478E249D5A0B00DB23EA /* Release */,
			);
			defaultConfigurationIsVisible = 0;
			defaultConfigurationName = Release;
		};
/* End XCConfigurationList section */
	};
	rootObject = 05BE476C249D5A0900DB23EA /* Project object */;
}
